
Microsoft Visual Studio Solution File, Format Version 12.00
# Visual Studio 14
VisualStudioVersion = 14.0.25420.1
MinimumVisualStudioVersion = 10.0.40219.1
Project("{FAE04EC0-301F-11D3-BF4B-00C04F79EFBC}") = "InventoryDB", "InventoryDB\InventoryDB.csproj", "{A14D8F96-4572-40E2-8776-1CA5BBCBE4C3}"
EndProject
Project("{FAE04EC0-301F-11D3-BF4B-00C04F79EFBC}") = "Tester", "Tester\Tester.csproj", "{A1BE58AE-E4E9-4CD4-9D06-8F8F64E9B59B}"
EndProject
Global
	GlobalSection(SolutionConfigurationPlatforms) = preSolution
		Debug|Any CPU = Debug|Any CPU
		Release|Any CPU = Release|Any CPU
	EndGlobalSection
	GlobalSection(ProjectConfigurationPlatforms) = postSolution
		{A14D8F96-4572-40E2-8776-1CA5BBCBE4C3}.Debug|Any CPU.ActiveCfg = Debug|Any CPU
		{A14D8F96-4572-40E2-8776-1CA5BBCBE4C3}.Debug|Any CPU.Build.0 = Debug|Any CPU
		{A14D8F96-4572-40E2-8776-1CA5BBCBE4C3}.Release|Any CPU.ActiveCfg = Release|Any CPU
		{A14D8F96-4572-40E2-8776-1CA5BBCBE4C3}.Release|Any CPU.Build.0 = Release|Any CPU
		{A1BE58AE-E4E9-4CD4-9D06-8F8F64E9B59B}.Debug|Any CPU.ActiveCfg = Debug|Any CPU
		{A1BE58AE-E4E9-4CD4-9D06-8F8F64E9B59B}.Debug|Any CPU.Build.0 = Debug|Any CPU
		{A1BE58AE-E4E9-4CD4-9D06-8F8F64E9B59B}.Release|Any CPU.ActiveCfg = Release|Any CPU
		{A1BE58AE-E4E9-4CD4-9D06-8F8F64E9B59B}.Release|Any CPU.Build.0 = Release|Any CPU
	EndGlobalSection
	GlobalSection(SolutionProperties) = preSolution
		HideSolutionNode = FALSE
	EndGlobalSection
EndGlobal
